Microsoft Visual Studio Solution File, Format Version 11.00
# Visual Studio 2008

Project("{58E74DFC-C386-2CBD-677C-1BCE2C308371}") = "heist", "Assembly-CSharp-firstpass.csproj", "{B5812E45-E194-0203-368F-2F35B88D6537}"
EndProject
Project("{58E74DFC-C386-2CBD-677C-1BCE2C308371}") = "heist", "Assembly-CSharp.csproj", "{F71E8A2D-BA48-1A93-DF93-B28ACE85BDAB}"
EndProject
Project("{58E74DFC-C386-2CBD-677C-1BCE2C308371}") = "heist", "Assembly-CSharp-Editor.csproj", "{F918764A-3CA7-EBF5-DD9B-625328E680D0}"
EndProject
Project("{58E74DFC-C386-2CBD-677C-1BCE2C308371}") = "heist", "Assembly-UnityScript-firstpass.unityproj", "{CA6242AF-3AD2-0526-D6F7-D176E1E004E4}"
EndProject
Project("{58E74DFC-C386-2CBD-677C-1BCE2C308371}") = "heist", "Assembly-UnityScript.unityproj", "{2A38D986-F99B-8997-4C3A-E19D6D6C4225}"
EndProject
Global
	GlobalSection(SolutionConfigurationPlatforms) = preSolution
		Debug|Any CPU = Debug|Any CPU
		Release|Any CPU = Release|Any CPU
	EndGlobalSection
	GlobalSection(ProjectConfigurationPlatforms) = postSolution
		{B5812E45-E194-0203-368F-2F35B88D6537}.Debug|Any CPU.ActiveCfg = Debug|Any CPU
		{B5812E45-E194-0203-368F-2F35B88D6537}.Debug|Any CPU.Build.0 = Debug|Any CPU
		{B5812E45-E194-0203-368F-2F35B88D6537}.Release|Any CPU.ActiveCfg = Release|Any CPU
		{B5812E45-E194-0203-368F-2F35B88D6537}.Release|Any CPU.Build.0 = Release|Any CPU
		{F71E8A2D-BA48-1A93-DF93-B28ACE85BDAB}.Debug|Any CPU.ActiveCfg = Debug|Any CPU
		{F71E8A2D-BA48-1A93-DF93-B28ACE85BDAB}.Debug|Any CPU.Build.0 = Debug|Any CPU
		{F71E8A2D-BA48-1A93-DF93-B28ACE85BDAB}.Release|Any CPU.ActiveCfg = Release|Any CPU
		{F71E8A2D-BA48-1A93-DF93-B28ACE85BDAB}.Release|Any CPU.Build.0 = Release|Any CPU
		{F918764A-3CA7-EBF5-DD9B-625328E680D0}.Debug|Any CPU.ActiveCfg = Debug|Any CPU
		{F918764A-3CA7-EBF5-DD9B-625328E680D0}.Debug|Any CPU.Build.0 = Debug|Any CPU
		{F918764A-3CA7-EBF5-DD9B-625328E680D0}.Release|Any CPU.ActiveCfg = Release|Any CPU
		{F918764A-3CA7-EBF5-DD9B-625328E680D0}.Release|Any CPU.Build.0 = Release|Any CPU
		{CA6242AF-3AD2-0526-D6F7-D176E1E004E4}.Debug|Any CPU.ActiveCfg = Debug|Any CPU
		{CA6242AF-3AD2-0526-D6F7-D176E1E004E4}.Debug|Any CPU.Build.0 = Debug|Any CPU
		{CA6242AF-3AD2-0526-D6F7-D176E1E004E4}.Release|Any CPU.ActiveCfg = Release|Any CPU
		{CA6242AF-3AD2-0526-D6F7-D176E1E004E4}.Release|Any CPU.Build.0 = Release|Any CPU
		{2A38D986-F99B-8997-4C3A-E19D6D6C4225}.Debug|Any CPU.ActiveCfg = Debug|Any CPU
		{2A38D986-F99B-8997-4C3A-E19D6D6C4225}.Debug|Any CPU.Build.0 = Debug|Any CPU
		{2A38D986-F99B-8997-4C3A-E19D6D6C4225}.Release|Any CPU.ActiveCfg = Release|Any CPU
		{2A38D986-F99B-8997-4C3A-E19D6D6C4225}.Release|Any CPU.Build.0 = Release|Any CPU
	EndGlobalSection
	GlobalSection(SolutionProperties) = preSolution
		HideSolutionNode = FALSE
	EndGlobalSection
																																		GlobalSection(MonoDevelopProperties) = preSolution
		StartupItem = Assembly-CSharp.csproj
		Policies = $0
		$0.TextStylePolicy = $1
		$1.inheritsSet = null
		$1.scope = text/x-csharp
		$0.CSharpFormattingPolicy = $2
		$2.inheritsSet = Mono
		$2.inheritsScope = text/x-csharp
		$2.scope = text/x-csharp
		$0.TextStylePolicy = $3
		$3.FileWidth = 120
		$3.TabWidth = 4
		$3.EolMarker = Unix
		$3.inheritsSet = Mono
		$3.inheritsScope = text/plain
		$3.scope = text/plain
	EndGlobalSection

EndGlobal
