Microsoft Visual Studio Solution File, Format Version 11.00
# Visual Studio 2008

Project("{FC5ED0B0-91C5-62E5-F90D-46428E9693E9}") = "ludum-dare-heist", "Assembly-CSharp-firstpass.csproj", "{EF00A1D6-A001-2F18-15E0-B97C64144ADC}"
EndProject
Project("{FC5ED0B0-91C5-62E5-F90D-46428E9693E9}") = "ludum-dare-heist", "Assembly-CSharp.csproj", "{EF056361-90E3-3B6C-3B4B-C15DE13C9D86}"
EndProject
Project("{FC5ED0B0-91C5-62E5-F90D-46428E9693E9}") = "ludum-dare-heist", "Assembly-UnityScript-firstpass.unityproj", "{6247E04E-3C68-8B14-0FB1-2B9477203984}"
EndProject
Project("{FC5ED0B0-91C5-62E5-F90D-46428E9693E9}") = "ludum-dare-heist", "Assembly-UnityScript.unityproj", "{DEE37921-E07C-1286-77E2-A075905E9B92}"
EndProject
Global
	GlobalSection(SolutionConfigurationPlatforms) = preSolution
		Debug|Any CPU = Debug|Any CPU
		Release|Any CPU = Release|Any CPU
	EndGlobalSection
	GlobalSection(ProjectConfigurationPlatforms) = postSolution
		{EF00A1D6-A001-2F18-15E0-B97C64144ADC}.Debug|Any CPU.ActiveCfg = Debug|Any CPU
		{EF00A1D6-A001-2F18-15E0-B97C64144ADC}.Debug|Any CPU.Build.0 = Debug|Any CPU
		{EF00A1D6-A001-2F18-15E0-B97C64144ADC}.Release|Any CPU.ActiveCfg = Release|Any CPU
		{EF00A1D6-A001-2F18-15E0-B97C64144ADC}.Release|Any CPU.Build.0 = Release|Any CPU
		{EF056361-90E3-3B6C-3B4B-C15DE13C9D86}.Debug|Any CPU.ActiveCfg = Debug|Any CPU
		{EF056361-90E3-3B6C-3B4B-C15DE13C9D86}.Debug|Any CPU.Build.0 = Debug|Any CPU
		{EF056361-90E3-3B6C-3B4B-C15DE13C9D86}.Release|Any CPU.ActiveCfg = Release|Any CPU
		{EF056361-90E3-3B6C-3B4B-C15DE13C9D86}.Release|Any CPU.Build.0 = Release|Any CPU
		{6247E04E-3C68-8B14-0FB1-2B9477203984}.Debug|Any CPU.ActiveCfg = Debug|Any CPU
		{6247E04E-3C68-8B14-0FB1-2B9477203984}.Debug|Any CPU.Build.0 = Debug|Any CPU
		{6247E04E-3C68-8B14-0FB1-2B9477203984}.Release|Any CPU.ActiveCfg = Release|Any CPU
		{6247E04E-3C68-8B14-0FB1-2B9477203984}.Release|Any CPU.Build.0 = Release|Any CPU
		{DEE37921-E07C-1286-77E2-A075905E9B92}.Debug|Any CPU.ActiveCfg = Debug|Any CPU
		{DEE37921-E07C-1286-77E2-A075905E9B92}.Debug|Any CPU.Build.0 = Debug|Any CPU
		{DEE37921-E07C-1286-77E2-A075905E9B92}.Release|Any CPU.ActiveCfg = Release|Any CPU
		{DEE37921-E07C-1286-77E2-A075905E9B92}.Release|Any CPU.Build.0 = Release|Any CPU
	EndGlobalSection
	GlobalSection(SolutionProperties) = preSolution
		HideSolutionNode = FALSE
	EndGlobalSection
													GlobalSection(MonoDevelopProperties) = preSolution
		StartupItem = Assembly-CSharp.csproj
		Policies = $0
		$0.TextStylePolicy = $1
		$1.inheritsSet = null
		$1.scope = text/x-csharp
		$0.CSharpFormattingPolicy = $2
		$2.inheritsSet = Mono
		$2.inheritsScope = text/x-csharp
		$2.scope = text/x-csharp
		$0.TextStylePolicy = $3
		$3.FileWidth = 120
		$3.TabWidth = 4
		$3.EolMarker = Unix
		$3.inheritsSet = Mono
		$3.inheritsScope = text/plain
		$3.scope = text/plain
	EndGlobalSection

EndGlobal
